{
  "name": "pp-templates",
  "version": "1.0.0",
  "lockfileVersion": 3,
  "requires": true,
  "packages": {
    "": {
      "name": "pp-templates",
      "version": "1.0.0",
      "license": "MIT",
      "dependencies": {
        "@fontsource-variable/jetbrains-mono": "^5.1.1",
        "@fontsource/ubuntu": "^5.1.0",
        "@fontsource/ubuntu-condensed": "^5.1.0",
        "@fontsource/ubuntu-mono": "^5.1.0",
        "animate.css": "^4.1.1",
        "highlight.js": "^11.10.0",
        "lucide": "^0.460.0",
        "lucide-static": "^0.460.0",
        "normalize.css": "^8.0.1",
        "pp-events": "^1.2.6",
        "pp-is": "^1.2.3",
        "pp-model.js": "^1.2.7",
        "pp-router.js": "^2.1.8",
        "pp-validate": "^1.0.1"
      }
    },
    "node_modules/@fontsource-variable/jetbrains-mono": {
      "version": "5.1.1",
      "resolved": "https://registry.npmjs.org/@fontsource-variable/jetbrains-mono/-/jetbrains-mono-5.1.1.tgz",
      "integrity": "sha512-V+1aRFRvuZ66PpO30s8l/2aADKzpV9VRsO3kSZE+rTMvi4vab3cUcPHMN2z+wAvjkYJO71Yf+g3/Y6pSMmQpVQ==",
      "license": "OFL-1.1"
    },
    "node_modules/@fontsource/ubuntu": {
      "version": "5.1.0",
      "resolved": "https://registry.npmjs.org/@fontsource/ubuntu/-/ubuntu-5.1.0.tgz",
      "integrity": "sha512-0XG/HrFsfP1q3phf4QN8IO7tetd0zOZKHZSHcTnBuVoQedoo1wS/hXxY2FMZuqoG+mVfrXh+Q614MDVmQPJq2w==",
      "license": "UFL-1.0"
    },
    "node_modules/@fontsource/ubuntu-condensed": {
      "version": "5.1.0",
      "resolved": "https://registry.npmjs.org/@fontsource/ubuntu-condensed/-/ubuntu-condensed-5.1.0.tgz",
      "integrity": "sha512-PUuIpHK6+Pbd3vz09c/nFlw6EMxZuv0r86lOy4snoIT6vTmJBm+kEkRRQnKtCc0jurRFUmzEzQec49C18/wdTg==",
      "license": "UFL-1.0"
    },
    "node_modules/@fontsource/ubuntu-mono": {
      "version": "5.1.0",
      "resolved": "https://registry.npmjs.org/@fontsource/ubuntu-mono/-/ubuntu-mono-5.1.0.tgz",
      "integrity": "sha512-sz2MEGFaT9pab73zBGatJDenDr0PFDxzchhINwIsDAH4/9YMIGXXMfngfClPAT2BXF0ZK5FEBCP/t4EEX/j5Jw==",
      "license": "UFL-1.0"
    },
    "node_modules/animate.css": {
      "version": "4.1.1",
      "resolved": "https://registry.npmjs.org/animate.css/-/animate.css-4.1.1.tgz",
      "integrity": "sha512-+mRmCTv6SbCmtYJCN4faJMNFVNN5EuCTTprDTAo7YzIGji2KADmakjVA3+8mVDkZ2Bf09vayB35lSQIex2+QaQ==",
      "license": "MIT"
    },
    "node_modules/highlight.js": {
      "version": "11.10.0",
      "resolved": "https://registry.npmjs.org/highlight.js/-/highlight.js-11.10.0.tgz",
      "integrity": "sha512-SYVnVFswQER+zu1laSya563s+F8VDGt7o35d4utbamowvUNLLMovFqwCLSocpZTz3MgaSRA1IbqRWZv97dtErQ==",
      "license": "BSD-3-Clause",
      "engines": {
        "node": ">=12.0.0"
      }
    },
    "node_modules/lucide": {
      "version": "0.460.0",
      "resolved": "https://registry.npmjs.org/lucide/-/lucide-0.460.0.tgz",
      "integrity": "sha512-kEqx3yHU+q4S0k7RH183QFaDy6xepEcN3yVjiBhxM1qX/tSMrmOSuUQJCobiIYzB1q9m8RmAN0efPiXZq79JSQ==",
      "license": "ISC"
    },
    "node_modules/lucide-static": {
      "version": "0.460.0",
      "resolved": "https://registry.npmjs.org/lucide-static/-/lucide-static-0.460.0.tgz",
      "integrity": "sha512-X6pIdg7jVxv7YQ/uR241hwhNiztcAfmj181TbcX7HCxxk/3mGaRtAc6b2ftUvQBufbJE6ehgyzO2uVsa604tWg==",
      "license": "ISC"
    },
    "node_modules/normalize.css": {
      "version": "8.0.1",
      "resolved": "https://registry.npmjs.org/normalize.css/-/normalize.css-8.0.1.tgz",
      "integrity": "sha512-qizSNPO93t1YUuUhP22btGOo3chcvDFqFaj2TRybP0DMxkHOCTYwp3n34fel4a31ORXy4m1Xq0Gyqpb5m33qIg==",
      "license": "MIT"
    },
    "node_modules/pp-events": {
      "version": "1.2.6",
      "resolved": "https://registry.npmjs.org/pp-events/-/pp-events-1.2.6.tgz",
      "integrity": "sha512-HNsOXTgUaUm3oRlNJJqfbebKu+9lqForegtd8HEmFod5CruDDJpGj+OxjoN19tzdKdNNwRr8F5rjOw4qzBFFGA==",
      "license": "MIT",
      "dependencies": {
        "pp-is": "^1.2.1"
      }
    },
    "node_modules/pp-is": {
      "version": "1.2.3",
      "resolved": "https://registry.npmjs.org/pp-is/-/pp-is-1.2.3.tgz",
      "integrity": "sha512-2Qp1z6PUlCMrsyUXIokki8/QxIpNNSwPh5n4BG8IigWqSB7dYS4y+DadFoC6JCGvGC/QHX2MEisf6G30J04hwA==",
      "license": "MIT"
    },
    "node_modules/pp-model.js": {
      "version": "1.2.7",
      "resolved": "https://registry.npmjs.org/pp-model.js/-/pp-model.js-1.2.7.tgz",
      "integrity": "sha512-qbeM57lEuiqgauqqBfN6IVOm7Qu0Ijwmdl6tJn/xh4n7gSrDvsrM9HAl58373cFSyB/4XIp5cJF0uiEp3mWzWw==",
      "license": "MIT",
      "dependencies": {
        "pp-events": "^1.0.9",
        "pp-is": "^1.0.1",
        "pp-validate": "^1.0.0"
      }
    },
    "node_modules/pp-router.js": {
      "version": "2.1.8",
      "resolved": "https://registry.npmjs.org/pp-router.js/-/pp-router.js-2.1.8.tgz",
      "integrity": "sha512-5Qj8gX7Bhk6Rtue7BPybCxvQ19pMa0br0bUEpoSJhkZi8bgnTcL2OfY7LIHX1uYcPCMYf2U5PgqR584LEzkY+A==",
      "license": "MIT",
      "dependencies": {
        "pp-is": "^1.0.0"
      }
    },
    "node_modules/pp-validate": {
      "version": "1.0.1",
      "resolved": "https://registry.npmjs.org/pp-validate/-/pp-validate-1.0.1.tgz",
      "integrity": "sha512-Si29s87JRK+4ilJQTZZW4Abvstu4tgja3P31YBnkXWjZrlsZc5qIH8crImod6otAhyUbJ41nqdsF1e4qm4dJTg==",
      "license": "MIT",
      "dependencies": {
        "pp-is": "^1.0.4"
      }
    }
  }
}
