# THIS IS AN AUTOGENERATED FILE. DO NOT EDIT THIS FILE DIRECTLY.
# yarn lockfile v1


"@fontsource-variable/jetbrains-mono@^5.1.1":
  version "5.1.1"
  resolved "https://registry.npmjs.org/@fontsource-variable/jetbrains-mono/-/jetbrains-mono-5.1.1.tgz"
  integrity sha512-V+1aRFRvuZ66PpO30s8l/2aADKzpV9VRsO3kSZE+rTMvi4vab3cUcPHMN2z+wAvjkYJO71Yf+g3/Y6pSMmQpVQ==

"@fontsource-variable/outfit@^5.1.0":
  version "5.1.0"
  resolved "https://registry.yarnpkg.com/@fontsource-variable/outfit/-/outfit-5.1.0.tgz#b289f3ca8b3b5cb95c81cadb129a019eef705f54"
  integrity sha512-WUZiMehPerX/sUWC65Ku9hQ741cJtkCiy5T9XSZd1XbyYudNd/qoZSbUyEbiC00+4rGheNcKzaFdMGp5uonQog==

"@fontsource/noto-serif-ahom@^5.1.0":
  version "5.1.0"
  resolved "https://registry.yarnpkg.com/@fontsource/noto-serif-ahom/-/noto-serif-ahom-5.1.0.tgz#a1d223de13fa431e5002425bf5eb5425997bf830"
  integrity sha512-JSW+vPvAUnOXSkFxSpUGQJmTAqqdu9621Z0gyqZoUKefWpIb1t7aWcWbt2GGmPnTJHjC4RUxiPR/m+1QfN8RVQ==

"@fontsource/ubuntu-condensed@^5.1.0":
  version "5.1.0"
  resolved "https://registry.npmjs.org/@fontsource/ubuntu-condensed/-/ubuntu-condensed-5.1.0.tgz"
  integrity sha512-PUuIpHK6+Pbd3vz09c/nFlw6EMxZuv0r86lOy4snoIT6vTmJBm+kEkRRQnKtCc0jurRFUmzEzQec49C18/wdTg==

"@fontsource/ubuntu-mono@^5.1.0":
  version "5.1.0"
  resolved "https://registry.yarnpkg.com/@fontsource/ubuntu-mono/-/ubuntu-mono-5.1.0.tgz#748ee1997108fbb7b649014f4c1300a3da6be2c3"
  integrity sha512-sz2MEGFaT9pab73zBGatJDenDr0PFDxzchhINwIsDAH4/9YMIGXXMfngfClPAT2BXF0ZK5FEBCP/t4EEX/j5Jw==

"@fontsource/ubuntu@^5.1.0":
  version "5.1.0"
  resolved "https://registry.npmjs.org/@fontsource/ubuntu/-/ubuntu-5.1.0.tgz"
  integrity sha512-0XG/HrFsfP1q3phf4QN8IO7tetd0zOZKHZSHcTnBuVoQedoo1wS/hXxY2FMZuqoG+mVfrXh+Q614MDVmQPJq2w==

animate.css@^4.1.1:
  version "4.1.1"
  resolved "https://registry.npmjs.org/animate.css/-/animate.css-4.1.1.tgz"
  integrity sha512-+mRmCTv6SbCmtYJCN4faJMNFVNN5EuCTTprDTAo7YzIGji2KADmakjVA3+8mVDkZ2Bf09vayB35lSQIex2+QaQ==

highlight.js@^11.10.0:
  version "11.10.0"
  resolved "https://registry.npmjs.org/highlight.js/-/highlight.js-11.10.0.tgz"
  integrity sha512-SYVnVFswQER+zu1laSya563s+F8VDGt7o35d4utbamowvUNLLMovFqwCLSocpZTz3MgaSRA1IbqRWZv97dtErQ==

lucide-static@^0.461.0:
  version "0.461.0"
  resolved "https://registry.yarnpkg.com/lucide-static/-/lucide-static-0.461.0.tgz#989c916884a6f3cff19395ce7708d5ca82526297"
  integrity sha512-T5/tzHWAuYyC1XUr7W+qbKpTAhOBo5pIzooDodj56qkK1dGcU1fDgt9e7BJiERGAMWfRIctiYjEp5NPtS7SNTg==

lucide@^0.461.0:
  version "0.461.0"
  resolved "https://registry.yarnpkg.com/lucide/-/lucide-0.461.0.tgz#e4b865a0a89237616b1884751b10eea0e431829e"
  integrity sha512-Slls2guZ/2iRn+/he7wBSQMI6RYz34sVIthFNtIKD8P7mI8WTtwJG9pLh1i6z7k//ZL9JtFwWC0WlB4b76AH1A==

normalize.css@^8.0.1:
  version "8.0.1"
  resolved "https://registry.npmjs.org/normalize.css/-/normalize.css-8.0.1.tgz"
  integrity sha512-qizSNPO93t1YUuUhP22btGOo3chcvDFqFaj2TRybP0DMxkHOCTYwp3n34fel4a31ORXy4m1Xq0Gyqpb5m33qIg==

pp-events@^1.0.9, pp-events@^1.2.6:
  version "1.2.6"
  resolved "https://registry.npmjs.org/pp-events/-/pp-events-1.2.6.tgz"
  integrity sha512-HNsOXTgUaUm3oRlNJJqfbebKu+9lqForegtd8HEmFod5CruDDJpGj+OxjoN19tzdKdNNwRr8F5rjOw4qzBFFGA==
  dependencies:
    pp-is "^1.2.1"

pp-is@^1.0.0, pp-is@^1.0.1, pp-is@^1.0.4, pp-is@^1.2.1, pp-is@^1.2.3:
  version "1.2.3"
  resolved "https://registry.npmjs.org/pp-is/-/pp-is-1.2.3.tgz"
  integrity sha512-2Qp1z6PUlCMrsyUXIokki8/QxIpNNSwPh5n4BG8IigWqSB7dYS4y+DadFoC6JCGvGC/QHX2MEisf6G30J04hwA==

pp-model.js@^1.2.7:
  version "1.2.7"
  resolved "https://registry.npmjs.org/pp-model.js/-/pp-model.js-1.2.7.tgz"
  integrity sha512-qbeM57lEuiqgauqqBfN6IVOm7Qu0Ijwmdl6tJn/xh4n7gSrDvsrM9HAl58373cFSyB/4XIp5cJF0uiEp3mWzWw==
  dependencies:
    pp-events "^1.0.9"
    pp-is "^1.0.1"
    pp-validate "^1.0.0"

pp-router.js@^2.1.8:
  version "2.1.8"
  resolved "https://registry.npmjs.org/pp-router.js/-/pp-router.js-2.1.8.tgz"
  integrity sha512-5Qj8gX7Bhk6Rtue7BPybCxvQ19pMa0br0bUEpoSJhkZi8bgnTcL2OfY7LIHX1uYcPCMYf2U5PgqR584LEzkY+A==
  dependencies:
    pp-is "^1.0.0"

pp-validate@^1.0.0, pp-validate@^1.0.1:
  version "1.0.1"
  resolved "https://registry.npmjs.org/pp-validate/-/pp-validate-1.0.1.tgz"
  integrity sha512-Si29s87JRK+4ilJQTZZW4Abvstu4tgja3P31YBnkXWjZrlsZc5qIH8crImod6otAhyUbJ41nqdsF1e4qm4dJTg==
  dependencies:
    pp-is "^1.0.4"
